// !$*UTF8*$!
{
	archiveVersion = 1;
	classes = {
	};
	objectVersion = 56;
	objects = {

/* Begin PBXBuildFile section */
		6521FBD72B68846D0037791A /* TrackPreview.swift in Sources */ = {isa = PBXBuildFile; fileRef = 6521FBD62B68846D0037791A /* TrackPreview.swift */; };
		6529A3782B69FD3800AAE642 /* MenuBarView.swift in Sources */ = {isa = PBXBuildFile; fileRef = 6529A3772B69FD3800AAE642 /* MenuBarView.swift */; };
		6529A37A2B6A674F00AAE642 /* PopoverApp.swift in Sources */ = {isa = PBXBuildFile; fileRef = 6529A3792B6A674F00AAE642 /* PopoverApp.swift */; };
		65409E9E2B69664000C880EF /* Keys.swift in Sources */ = {isa = PBXBuildFile; fileRef = 65409E9D2B69664000C880EF /* Keys.swift */; };
		65409EA02B69C2F900C880EF /* AppDelegate.swift in Sources */ = {isa = PBXBuildFile; fileRef = 65409E9F2B69C2F900C880EF /* AppDelegate.swift */; };
		65409EA32B69E79200C880EF /* HotKey in Frameworks */ = {isa = PBXBuildFile; productRef = 65409EA22B69E79200C880EF /* HotKey */; };
		6568C3F32B6F24D400ABD1DA /* MenuBarExtraAccess in Frameworks */ = {isa = PBXBuildFile; productRef = 6568C3F22B6F24D400ABD1DA /* MenuBarExtraAccess */; };
		659B441D2B518ED000B74938 /* SpotifySearcherApp.swift in Sources */ = {isa = PBXBuildFile; fileRef = 659B441C2B518ED000B74938 /* SpotifySearcherApp.swift */; };
		659B441F2B518ED000B74938 /* ContentView.swift in Sources */ = {isa = PBXBuildFile; fileRef = 659B441E2B518ED000B74938 /* ContentView.swift */; };
		659B44212B518ED100B74938 /* Assets.xcassets in Resources */ = {isa = PBXBuildFile; fileRef = 659B44202B518ED100B74938 /* Assets.xcassets */; };
		659B44242B518ED100B74938 /* Preview Assets.xcassets in Resources */ = {isa = PBXBuildFile; fileRef = 659B44232B518ED100B74938 /* Preview Assets.xcassets */; };
		659B442F2B518ED200B74938 /* SpotifySearcherTests.swift in Sources */ = {isa = PBXBuildFile; fileRef = 659B442E2B518ED200B74938 /* SpotifySearcherTests.swift */; };
		659B44392B518ED200B74938 /* SpotifySearcherUITests.swift in Sources */ = {isa = PBXBuildFile; fileRef = 659B44382B518ED200B74938 /* SpotifySearcherUITests.swift */; };
		659B443B2B518ED200B74938 /* SpotifySearcherUITestsLaunchTests.swift in Sources */ = {isa = PBXBuildFile; fileRef = 659B443A2B518ED200B74938 /* SpotifySearcherUITestsLaunchTests.swift */; };
		65F059B82B5D4DA900B5B6D7 /* Spotify.swift in Sources */ = {isa = PBXBuildFile; fileRef = 65F059B72B5D4DA900B5B6D7 /* Spotify.swift */; };
		65F059BE2B5EBEF800B5B6D7 /* MediaViews.swift in Sources */ = {isa = PBXBuildFile; fileRef = 65F059BD2B5EBEF800B5B6D7 /* MediaViews.swift */; };
		65FE45702B681E200050C3C9 /* Auth.swift in Sources */ = {isa = PBXBuildFile; fileRef = 65FE456F2B681E200050C3C9 /* Auth.swift */; };
		65FE45722B681E520050C3C9 /* Player.swift in Sources */ = {isa = PBXBuildFile; fileRef = 65FE45712B681E520050C3C9 /* Player.swift */; };
/* End PBXBuildFile section */

/* Begin PBXContainerItemProxy section */
		659B442B2B518ED200B74938 /* PBXContainerItemProxy */ = {
			isa = PBXContainerItemProxy;
			containerPortal = 659B44112B518ED000B74938 /* Project object */;
			proxyType = 1;
			remoteGlobalIDString = 659B44182B518ED000B74938;
			remoteInfo = SpotifySearcher;
		};
		659B44352B518ED200B74938 /* PBXContainerItemProxy */ = {
			isa = PBXContainerItemProxy;
			containerPortal = 659B44112B518ED000B74938 /* Project object */;
			proxyType = 1;
			remoteGlobalIDString = 659B44182B518ED000B74938;
			remoteInfo = SpotifySearcher;
		};
/* End PBXContainerItemProxy section */

/* Begin PBXFileReference section */
		6521FBD62B68846D0037791A /* TrackPreview.swift */ = {isa = PBXFileReference; lastKnownFileType = sourcecode.swift; path = TrackPreview.swift; sourceTree = "<group>"; };
		6529A3772B69FD3800AAE642 /* MenuBarView.swift */ = {isa = PBXFileReference; lastKnownFileType = sourcecode.swift; path = MenuBarView.swift; sourceTree = "<group>"; };
		6529A3792B6A674F00AAE642 /* PopoverApp.swift */ = {isa = PBXFileReference; lastKnownFileType = sourcecode.swift; path = PopoverApp.swift; sourceTree = "<group>"; };
		653305BA2B58C81900FE86B8 /* AuthTest.playground */ = {isa = PBXFileReference; lastKnownFileType = file.playground; name = AuthTest.playground; path = SpotifySearcher/AuthTest.playground; sourceTree = "<group>"; xcLanguageSpecificationIdentifier = xcode.lang.swift; };
		65409E9D2B69664000C880EF /* Keys.swift */ = {isa = PBXFileReference; lastKnownFileType = sourcecode.swift; path = Keys.swift; sourceTree = "<group>"; };
		65409E9F2B69C2F900C880EF /* AppDelegate.swift */ = {isa = PBXFileReference; lastKnownFileType = sourcecode.swift; path = AppDelegate.swift; sourceTree = "<group>"; };
		659B44192B518ED000B74938 /* SpotifySearcher.app */ = {isa = PBXFileReference; explicitFileType = wrapper.application; includeInIndex = 0; path = SpotifySearcher.app; sourceTree = BUILT_PRODUCTS_DIR; };
		659B441C2B518ED000B74938 /* SpotifySearcherApp.swift */ = {isa = PBXFileReference; lastKnownFileType = sourcecode.swift; path = SpotifySearcherApp.swift; sourceTree = "<group>"; };
		659B441E2B518ED000B74938 /* ContentView.swift */ = {isa = PBXFileReference; lastKnownFileType = sourcecode.swift; path = ContentView.swift; sourceTree = "<group>"; };
		659B44202B518ED100B74938 /* Assets.xcassets */ = {isa = PBXFileReference; lastKnownFileType = folder.assetcatalog; path = Assets.xcassets; sourceTree = "<group>"; };
		659B44232B518ED100B74938 /* Preview Assets.xcassets */ = {isa = PBXFileReference; lastKnownFileType = folder.assetcatalog; path = "Preview Assets.xcassets"; sourceTree = "<group>"; };
		659B44252B518ED100B74938 /* SpotifySearcher.entitlements */ = {isa = PBXFileReference; lastKnownFileType = text.plist.entitlements; path = SpotifySearcher.entitlements; sourceTree = "<group>"; };
		659B442A2B518ED200B74938 /* SpotifySearcherTests.xctest */ = {isa = PBXFileReference; explicitFileType = wrapper.cfbundle; includeInIndex = 0; path = SpotifySearcherTests.xctest; sourceTree = BUILT_PRODUCTS_DIR; };
		659B442E2B518ED200B74938 /* SpotifySearcherTests.swift */ = {isa = PBXFileReference; lastKnownFileType = sourcecode.swift; path = SpotifySearcherTests.swift; sourceTree = "<group>"; };
		659B44342B518ED200B74938 /* SpotifySearcherUITests.xctest */ = {isa = PBXFileReference; explicitFileType = wrapper.cfbundle; includeInIndex = 0; path = SpotifySearcherUITests.xctest; sourceTree = BUILT_PRODUCTS_DIR; };
		659B44382B518ED200B74938 /* SpotifySearcherUITests.swift */ = {isa = PBXFileReference; lastKnownFileType = sourcecode.swift; path = SpotifySearcherUITests.swift; sourceTree = "<group>"; };
		659B443A2B518ED200B74938 /* SpotifySearcherUITestsLaunchTests.swift */ = {isa = PBXFileReference; lastKnownFileType = sourcecode.swift; path = SpotifySearcherUITestsLaunchTests.swift; sourceTree = "<group>"; };
		65A5D0C12B5321AC00FA102C /* Info.plist */ = {isa = PBXFileReference; lastKnownFileType = text.plist; path = Info.plist; sourceTree = "<group>"; };
		65C59AFE2B6D447700CBB917 /* README.md */ = {isa = PBXFileReference; lastKnownFileType = net.daringfireball.markdown; path = README.md; sourceTree = "<group>"; };
		65F059B72B5D4DA900B5B6D7 /* Spotify.swift */ = {isa = PBXFileReference; lastKnownFileType = sourcecode.swift; path = Spotify.swift; sourceTree = "<group>"; };
		65F059B92B5D6FFA00B5B6D7 /* SwiftLearning.playground */ = {isa = PBXFileReference; lastKnownFileType = file.playground; path = SwiftLearning.playground; sourceTree = "<group>"; xcLanguageSpecificationIdentifier = xcode.lang.swift; };
		65F059BD2B5EBEF800B5B6D7 /* MediaViews.swift */ = {isa = PBXFileReference; lastKnownFileType = sourcecode.swift; path = MediaViews.swift; sourceTree = "<group>"; };
		65FE456F2B681E200050C3C9 /* Auth.swift */ = {isa = PBXFileReference; lastKnownFileType = sourcecode.swift; path = Auth.swift; sourceTree = "<group>"; };
		65FE45712B681E520050C3C9 /* Player.swift */ = {isa = PBXFileReference; lastKnownFileType = sourcecode.swift; path = Player.swift; sourceTree = "<group>"; };
/* End PBXFileReference section */

/* Begin PBXFrameworksBuildPhase section */
		659B44162B518ED000B74938 /* Frameworks */ = {
			isa = PBXFrameworksBuildPhase;
			buildActionMask = 2147483647;
			files = (
				6568C3F32B6F24D400ABD1DA /* MenuBarExtraAccess in Frameworks */,
				65409EA32B69E79200C880EF /* HotKey in Frameworks */,
			);
			runOnlyForDeploymentPostprocessing = 0;
		};
		659B44272B518ED200B74938 /* Frameworks */ = {
			isa = PBXFrameworksBuildPhase;
			buildActionMask = 2147483647;
			files = (
			);
			runOnlyForDeploymentPostprocessing = 0;
		};
		659B44312B518ED200B74938 /* Frameworks */ = {
			isa = PBXFrameworksBuildPhase;
			buildActionMask = 2147483647;
			files = (
			);
			runOnlyForDeploymentPostprocessing = 0;
		};
/* End PBXFrameworksBuildPhase section */

/* Begin PBXGroup section */
		659B44102B518ED000B74938 = {
			isa = PBXGroup;
			children = (
				65F059B92B5D6FFA00B5B6D7 /* SwiftLearning.playground */,
				653305BA2B58C81900FE86B8 /* AuthTest.playground */,
				659B441B2B518ED000B74938 /* SpotifySearcher */,
				659B442D2B518ED200B74938 /* SpotifySearcherTests */,
				659B44372B518ED200B74938 /* SpotifySearcherUITests */,
				659B441A2B518ED000B74938 /* Products */,
			);
			sourceTree = "<group>";
		};
		659B441A2B518ED000B74938 /* Products */ = {
			isa = PBXGroup;
			children = (
				659B44192B518ED000B74938 /* SpotifySearcher.app */,
				659B442A2B518ED200B74938 /* SpotifySearcherTests.xctest */,
				659B44342B518ED200B74938 /* SpotifySearcherUITests.xctest */,
			);
			name = Products;
			sourceTree = "<group>";
		};
		659B441B2B518ED000B74938 /* SpotifySearcher */ = {
			isa = PBXGroup;
			children = (
				65FE456E2B61411A0050C3C9 /* Model */,
				65A5D0C12B5321AC00FA102C /* Info.plist */,
				659B441C2B518ED000B74938 /* SpotifySearcherApp.swift */,
				6529A3792B6A674F00AAE642 /* PopoverApp.swift */,
				65F059BC2B5EBECB00B5B6D7 /* Views */,
				659B44202B518ED100B74938 /* Assets.xcassets */,
				659B44252B518ED100B74938 /* SpotifySearcher.entitlements */,
				659B44222B518ED100B74938 /* Preview Content */,
				65FE456F2B681E200050C3C9 /* Auth.swift */,
				65409E9D2B69664000C880EF /* Keys.swift */,
				65409E9F2B69C2F900C880EF /* AppDelegate.swift */,
			);
			path = SpotifySearcher;
			sourceTree = "<group>";
		};
		659B44222B518ED100B74938 /* Preview Content */ = {
			isa = PBXGroup;
			children = (
				659B44232B518ED100B74938 /* Preview Assets.xcassets */,
			);
			path = "Preview Content";
			sourceTree = "<group>";
		};
		659B442D2B518ED200B74938 /* SpotifySearcherTests */ = {
			isa = PBXGroup;
			children = (
				659B442E2B518ED200B74938 /* SpotifySearcherTests.swift */,
			);
			path = SpotifySearcherTests;
			sourceTree = "<group>";
		};
		659B44372B518ED200B74938 /* SpotifySearcherUITests */ = {
			isa = PBXGroup;
			children = (
				659B44382B518ED200B74938 /* SpotifySearcherUITests.swift */,
				659B443A2B518ED200B74938 /* SpotifySearcherUITestsLaunchTests.swift */,
			);
			path = SpotifySearcherUITests;
			sourceTree = "<group>";
		};
		65F059BC2B5EBECB00B5B6D7 /* Views */ = {
			isa = PBXGroup;
			children = (
				659B441E2B518ED000B74938 /* ContentView.swift */,
				65F059BD2B5EBEF800B5B6D7 /* MediaViews.swift */,
				6521FBD62B68846D0037791A /* TrackPreview.swift */,
				6529A3772B69FD3800AAE642 /* MenuBarView.swift */,
			);
			path = Views;
			sourceTree = "<group>";
		};
		65FE456E2B61411A0050C3C9 /* Model */ = {
			isa = PBXGroup;
			children = (
				65FE45712B681E520050C3C9 /* Player.swift */,
				65F059B72B5D4DA900B5B6D7 /* Spotify.swift */,
				65C59AFE2B6D447700CBB917 /* README.md */,
			);
			path = Model;
			sourceTree = "<group>";
		};
/* End PBXGroup section */

/* Begin PBXNativeTarget section */
		659B44182B518ED000B74938 /* SpotifySearcher */ = {
			isa = PBXNativeTarget;
			buildConfigurationList = 659B443E2B518ED200B74938 /* Build configuration list for PBXNativeTarget "SpotifySearcher" */;
			buildPhases = (
				659B44152B518ED000B74938 /* Sources */,
				659B44162B518ED000B74938 /* Frameworks */,
				659B44172B518ED000B74938 /* Resources */,
			);
			buildRules = (
			);
			dependencies = (
			);
			name = SpotifySearcher;
			packageProductDependencies = (
				65409EA22B69E79200C880EF /* HotKey */,
				6568C3F22B6F24D400ABD1DA /* MenuBarExtraAccess */,
			);
			productName = SpotifySearcher;
			productReference = 659B44192B518ED000B74938 /* SpotifySearcher.app */;
			productType = "com.apple.product-type.application";
		};
		659B44292B518ED200B74938 /* SpotifySearcherTests */ = {
			isa = PBXNativeTarget;
			buildConfigurationList = 659B44412B518ED200B74938 /* Build configuration list for PBXNativeTarget "SpotifySearcherTests" */;
			buildPhases = (
				659B44262B518ED200B74938 /* Sources */,
				659B44272B518ED200B74938 /* Frameworks */,
				659B44282B518ED200B74938 /* Resources */,
			);
			buildRules = (
			);
			dependencies = (
				659B442C2B518ED200B74938 /* PBXTargetDependency */,
			);
			name = SpotifySearcherTests;
			productName = SpotifySearcherTests;
			productReference = 659B442A2B518ED200B74938 /* SpotifySearcherTests.xctest */;
			productType = "com.apple.product-type.bundle.unit-test";
		};
		659B44332B518ED200B74938 /* SpotifySearcherUITests */ = {
			isa = PBXNativeTarget;
			buildConfigurationList = 659B44442B518ED200B74938 /* Build configuration list for PBXNativeTarget "SpotifySearcherUITests" */;
			buildPhases = (
				659B44302B518ED200B74938 /* Sources */,
				659B44312B518ED200B74938 /* Frameworks */,
				659B44322B518ED200B74938 /* Resources */,
			);
			buildRules = (
			);
			dependencies = (
				659B44362B518ED200B74938 /* PBXTargetDependency */,
			);
			name = SpotifySearcherUITests;
			productName = SpotifySearcherUITests;
			productReference = 659B44342B518ED200B74938 /* SpotifySearcherUITests.xctest */;
			productType = "com.apple.product-type.bundle.ui-testing";
		};
/* End PBXNativeTarget section */

/* Begin PBXProject section */
		659B44112B518ED000B74938 /* Project object */ = {
			isa = PBXProject;
			attributes = {
				BuildIndependentTargetsInParallel = 1;
				LastSwiftUpdateCheck = 1520;
				LastUpgradeCheck = 1520;
				TargetAttributes = {
					659B44182B518ED000B74938 = {
						CreatedOnToolsVersion = 15.2;
					};
					659B44292B518ED200B74938 = {
						CreatedOnToolsVersion = 15.2;
						TestTargetID = 659B44182B518ED000B74938;
					};
					659B44332B518ED200B74938 = {
						CreatedOnToolsVersion = 15.2;
						TestTargetID = 659B44182B518ED000B74938;
					};
				};
			};
			buildConfigurationList = 659B44142B518ED000B74938 /* Build configuration list for PBXProject "SpotifySearcher" */;
			compatibilityVersion = "Xcode 14.0";
			developmentRegion = en;
			hasScannedForEncodings = 0;
			knownRegions = (
				en,
				Base,
			);
			mainGroup = 659B44102B518ED000B74938;
			packageReferences = (
				651C3D0B2B583D8800A9BC25 /* XCRemoteSwiftPackageReference "SpotifyAPI" */,
				651C3D0C2B584D7800A9BC25 /* XCRemoteSwiftPackageReference "SpotifyAPIServer" */,
				65409EA12B69E79200C880EF /* XCRemoteSwiftPackageReference "HotKey" */,
				6568C3F12B6F24D400ABD1DA /* XCRemoteSwiftPackageReference "MenuBarExtraAccess" */,
			);
			productRefGroup = 659B441A2B518ED000B74938 /* Products */;
			projectDirPath = "";
			projectRoot = "";
			targets = (
				659B44182B518ED000B74938 /* SpotifySearcher */,
				659B44292B518ED200B74938 /* SpotifySearcherTests */,
				659B44332B518ED200B74938 /* SpotifySearcherUITests */,
			);
		};
/* End PBXProject section */

/* Begin PBXResourcesBuildPhase section */
		659B44172B518ED000B74938 /* Resources */ = {
			isa = PBXResourcesBuildPhase;
			buildActionMask = 2147483647;
			files = (
				659B44242B518ED100B74938 /* Preview Assets.xcassets in Resources */,
				659B44212B518ED100B74938 /* Assets.xcassets in Resources */,
			);
			runOnlyForDeploymentPostprocessing = 0;
		};
		659B44282B518ED200B74938 /* Resources */ = {
			isa = PBXResourcesBuildPhase;
			buildActionMask = 2147483647;
			files = (
			);
			runOnlyForDeploymentPostprocessing = 0;
		};
		659B44322B518ED200B74938 /* Resources */ = {
			isa = PBXResourcesBuildPhase;
			buildActionMask = 2147483647;
			files = (
			);
			runOnlyForDeploymentPostprocessing = 0;
		};
/* End PBXResourcesBuildPhase section */

/* Begin PBXSourcesBuildPhase section */
		659B44152B518ED000B74938 /* Sources */ = {
			isa = PBXSourcesBuildPhase;
			buildActionMask = 2147483647;
			files = (
				65FE45702B681E200050C3C9 /* Auth.swift in Sources */,
				65409E9E2B69664000C880EF /* Keys.swift in Sources */,
				65F059B82B5D4DA900B5B6D7 /* Spotify.swift in Sources */,
				65409EA02B69C2F900C880EF /* AppDelegate.swift in Sources */,
				6521FBD72B68846D0037791A /* TrackPreview.swift in Sources */,
				65F059BE2B5EBEF800B5B6D7 /* MediaViews.swift in Sources */,
				659B441F2B518ED000B74938 /* ContentView.swift in Sources */,
				65FE45722B681E520050C3C9 /* Player.swift in Sources */,
				659B441D2B518ED000B74938 /* SpotifySearcherApp.swift in Sources */,
				6529A37A2B6A674F00AAE642 /* PopoverApp.swift in Sources */,
				6529A3782B69FD3800AAE642 /* MenuBarView.swift in Sources */,
			);
			runOnlyForDeploymentPostprocessing = 0;
		};
		659B44262B518ED200B74938 /* Sources */ = {
			isa = PBXSourcesBuildPhase;
			buildActionMask = 2147483647;
			files = (
				659B442F2B518ED200B74938 /* SpotifySearcherTests.swift in Sources */,
			);
			runOnlyForDeploymentPostprocessing = 0;
		};
		659B44302B518ED200B74938 /* Sources */ = {
			isa = PBXSourcesBuildPhase;
			buildActionMask = 2147483647;
			files = (
				659B443B2B518ED200B74938 /* SpotifySearcherUITestsLaunchTests.swift in Sources */,
				659B44392B518ED200B74938 /* SpotifySearcherUITests.swift in Sources */,
			);
			runOnlyForDeploymentPostprocessing = 0;
		};
/* End PBXSourcesBuildPhase section */

/* Begin PBXTargetDependency section */
		659B442C2B518ED200B74938 /* PBXTargetDependency */ = {
			isa = PBXTargetDependency;
			target = 659B44182B518ED000B74938 /* SpotifySearcher */;
			targetProxy = 659B442B2B518ED200B74938 /* PBXContainerItemProxy */;
		};
		659B44362B518ED200B74938 /* PBXTargetDependency */ = {
			isa = PBXTargetDependency;
			target = 659B44182B518ED000B74938 /* SpotifySearcher */;
			targetProxy = 659B44352B518ED200B74938 /* PBXContainerItemProxy */;
		};
/* End PBXTargetDependency section */

/* Begin XCBuildConfiguration section */
		659B443C2B518ED200B74938 /* Debug */ = {
			isa = XCBuildConfiguration;
			buildSettings = {
				ALWAYS_SEARCH_USER_PATHS = NO;
				ASSETCATALOG_COMPILER_GENERATE_SWIFT_ASSET_SYMBOL_EXTENSIONS = YES;
				CLANG_ANALYZER_NONNULL = YES;
				CLANG_ANALYZER_NUMBER_OBJECT_CONVERSION = YES_AGGRESSIVE;
				CLANG_CXX_LANGUAGE_STANDARD = "gnu++20";
				CLANG_ENABLE_MODULES = YES;
				CLANG_ENABLE_OBJC_ARC = YES;
				CLANG_ENABLE_OBJC_WEAK = YES;
				CLANG_WARN_BLOCK_CAPTURE_AUTORELEASING = YES;
				CLANG_WARN_BOOL_CONVERSION = YES;
				CLANG_WARN_COMMA = YES;
				CLANG_WARN_CONSTANT_CONVERSION = YES;
				CLANG_WARN_DEPRECATED_OBJC_IMPLEMENTATIONS = YES;
				CLANG_WARN_DIRECT_OBJC_ISA_USAGE = YES_ERROR;
				CLANG_WARN_DOCUMENTATION_COMMENTS = YES;
				CLANG_WARN_EMPTY_BODY = YES;
				CLANG_WARN_ENUM_CONVERSION = YES;
				CLANG_WARN_INFINITE_RECURSION = YES;
				CLANG_WARN_INT_CONVERSION = YES;
				CLANG_WARN_NON_LITERAL_NULL_CONVERSION = YES;
				CLANG_WARN_OBJC_IMPLICIT_RETAIN_SELF = YES;
				CLANG_WARN_OBJC_LITERAL_CONVERSION = YES;
				CLANG_WARN_OBJC_ROOT_CLASS = YES_ERROR;
				CLANG_WARN_QUOTED_INCLUDE_IN_FRAMEWORK_HEADER = YES;
				CLANG_WARN_RANGE_LOOP_ANALYSIS = YES;
				CLANG_WARN_STRICT_PROTOTYPES = YES;
				CLANG_WARN_SUSPICIOUS_MOVE = YES;
				CLANG_WARN_UNGUARDED_AVAILABILITY = YES_AGGRESSIVE;
				CLANG_WARN_UNREACHABLE_CODE = YES;
				CLANG_WARN__DUPLICATE_METHOD_MATCH = YES;
				COPY_PHASE_STRIP = NO;
				DEBUG_INFORMATION_FORMAT = dwarf;
				ENABLE_STRICT_OBJC_MSGSEND = YES;
				ENABLE_TESTABILITY = YES;
				ENABLE_USER_SCRIPT_SANDBOXING = YES;
				GCC_C_LANGUAGE_STANDARD = gnu17;
				GCC_DYNAMIC_NO_PIC = NO;
				GCC_NO_COMMON_BLOCKS = YES;
				GCC_OPTIMIZATION_LEVEL = 0;
				GCC_PREPROCESSOR_DEFINITIONS = (
					"DEBUG=1",
					"$(inherited)",
				);
				GCC_WARN_64_TO_32_BIT_CONVERSION = YES;
				GCC_WARN_ABOUT_RETURN_TYPE = YES_ERROR;
				GCC_WARN_UNDECLARED_SELECTOR = YES;
				GCC_WARN_UNINITIALIZED_AUTOS = YES_AGGRESSIVE;
				GCC_WARN_UNUSED_FUNCTION = YES;
				GCC_WARN_UNUSED_VARIABLE = YES;
				LOCALIZATION_PREFERS_STRING_CATALOGS = YES;
				MACOSX_DEPLOYMENT_TARGET = 13.0;
				MTL_ENABLE_DEBUG_INFO = INCLUDE_SOURCE;
				MTL_FAST_MATH = YES;
				ONLY_ACTIVE_ARCH = YES;
				SDKROOT = macosx;
				SWIFT_ACTIVE_COMPILATION_CONDITIONS = "DEBUG $(inherited)";
				SWIFT_OPTIMIZATION_LEVEL = "-Onone";
			};
			name = Debug;
		};
		659B443D2B518ED200B74938 /* Release */ = {
			isa = XCBuildConfiguration;
			buildSettings = {
				ALWAYS_SEARCH_USER_PATHS = NO;
				ASSETCATALOG_COMPILER_GENERATE_SWIFT_ASSET_SYMBOL_EXTENSIONS = YES;
				CLANG_ANALYZER_NONNULL = YES;
				CLANG_ANALYZER_NUMBER_OBJECT_CONVERSION = YES_AGGRESSIVE;
				CLANG_CXX_LANGUAGE_STANDARD = "gnu++20";
				CLANG_ENABLE_MODULES = YES;
				CLANG_ENABLE_OBJC_ARC = YES;
				CLANG_ENABLE_OBJC_WEAK = YES;
				CLANG_WARN_BLOCK_CAPTURE_AUTORELEASING = YES;
				CLANG_WARN_BOOL_CONVERSION = YES;
				CLANG_WARN_COMMA = YES;
				CLANG_WARN_CONSTANT_CONVERSION = YES;
				CLANG_WARN_DEPRECATED_OBJC_IMPLEMENTATIONS = YES;
				CLANG_WARN_DIRECT_OBJC_ISA_USAGE = YES_ERROR;
				CLANG_WARN_DOCUMENTATION_COMMENTS = YES;
				CLANG_WARN_EMPTY_BODY = YES;
				CLANG_WARN_ENUM_CONVERSION = YES;
				CLANG_WARN_INFINITE_RECURSION = YES;
				CLANG_WARN_INT_CONVERSION = YES;
				CLANG_WARN_NON_LITERAL_NULL_CONVERSION = YES;
				CLANG_WARN_OBJC_IMPLICIT_RETAIN_SELF = YES;
				CLANG_WARN_OBJC_LITERAL_CONVERSION = YES;
				CLANG_WARN_OBJC_ROOT_CLASS = YES_ERROR;
				CLANG_WARN_QUOTED_INCLUDE_IN_FRAMEWORK_HEADER = YES;
				CLANG_WARN_RANGE_LOOP_ANALYSIS = YES;
				CLANG_WARN_STRICT_PROTOTYPES = YES;
				CLANG_WARN_SUSPICIOUS_MOVE = YES;
				CLANG_WARN_UNGUARDED_AVAILABILITY = YES_AGGRESSIVE;
				CLANG_WARN_UNREACHABLE_CODE = YES;
				CLANG_WARN__DUPLICATE_METHOD_MATCH = YES;
				COPY_PHASE_STRIP = NO;
				DEBUG_INFORMATION_FORMAT = "dwarf-with-dsym";
				ENABLE_NS_ASSERTIONS = NO;
				ENABLE_STRICT_OBJC_MSGSEND = YES;
				ENABLE_USER_SCRIPT_SANDBOXING = YES;
				GCC_C_LANGUAGE_STANDARD = gnu17;
				GCC_NO_COMMON_BLOCKS = YES;
				GCC_WARN_64_TO_32_BIT_CONVERSION = YES;
				GCC_WARN_ABOUT_RETURN_TYPE = YES_ERROR;
				GCC_WARN_UNDECLARED_SELECTOR = YES;
				GCC_WARN_UNINITIALIZED_AUTOS = YES_AGGRESSIVE;
				GCC_WARN_UNUSED_FUNCTION = YES;
				GCC_WARN_UNUSED_VARIABLE = YES;
				LOCALIZATION_PREFERS_STRING_CATALOGS = YES;
				MACOSX_DEPLOYMENT_TARGET = 13.0;
				MTL_ENABLE_DEBUG_INFO = NO;
				MTL_FAST_MATH = YES;
				SDKROOT = macosx;
				SWIFT_COMPILATION_MODE = wholemodule;
			};
			name = Release;
		};
		659B443F2B518ED200B74938 /* Debug */ = {
			isa = XCBuildConfiguration;
			buildSettings = {
				ASSETCATALOG_COMPILER_APPICON_NAME = AppIcon;
				ASSETCATALOG_COMPILER_GLOBAL_ACCENT_COLOR_NAME = AccentColor;
				CODE_SIGN_ENTITLEMENTS = SpotifySearcher/SpotifySearcher.entitlements;
				CODE_SIGN_IDENTITY = "Apple Development";
				"CODE_SIGN_IDENTITY[sdk=macosx*]" = "Apple Development";
				CODE_SIGN_STYLE = Automatic;
				COMBINE_HIDPI_IMAGES = YES;
				CURRENT_PROJECT_VERSION = 1;
				DEVELOPMENT_ASSET_PATHS = "\"SpotifySearcher/Preview Content\"";
				DEVELOPMENT_TEAM = CLRYL52DZ9;
				ENABLE_PREVIEWS = YES;
				GENERATE_INFOPLIST_FILE = YES;
				INFOPLIST_FILE = SpotifySearcher/Info.plist;
				INFOPLIST_KEY_NSAppleEventsUsageDescription = "This application needs permission to control Spotify for music playback.";
				INFOPLIST_KEY_NSHumanReadableCopyright = "";
				LD_RUNPATH_SEARCH_PATHS = (
					"$(inherited)",
					"@executable_path/../Frameworks",
					"$(SRCROOT)",
				);
				MARKETING_VERSION = 1.0;
				PRODUCT_BUNDLE_IDENTIFIER = com.kepler471.SpotifySearcher;
				PRODUCT_NAME = "$(TARGET_NAME)";
				PROVISIONING_PROFILE_SPECIFIER = "";
				SWIFT_EMIT_LOC_STRINGS = YES;
				SWIFT_VERSION = 5.0;
			};
			name = Debug;
		};
		659B44402B518ED200B74938 /* Release */ = {
			isa = XCBuildConfiguration;
			buildSettings = {
				ASSETCATALOG_COMPILER_APPICON_NAME = AppIcon;
				ASSETCATALOG_COMPILER_GLOBAL_ACCENT_COLOR_NAME = AccentColor;
				CODE_SIGN_ENTITLEMENTS = SpotifySearcher/SpotifySearcher.entitlements;
				CODE_SIGN_IDENTITY = "Apple Development";
				"CODE_SIGN_IDENTITY[sdk=macosx*]" = "Apple Development";
				CODE_SIGN_STYLE = Automatic;
				COMBINE_HIDPI_IMAGES = YES;
				CURRENT_PROJECT_VERSION = 1;
				DEVELOPMENT_ASSET_PATHS = "\"SpotifySearcher/Preview Content\"";
				DEVELOPMENT_TEAM = CLRYL52DZ9;
				ENABLE_PREVIEWS = YES;
				GENERATE_INFOPLIST_FILE = YES;
				INFOPLIST_FILE = SpotifySearcher/Info.plist;
				INFOPLIST_KEY_NSAppleEventsUsageDescription = "This application needs permission to control Spotify for music playback.";
				INFOPLIST_KEY_NSHumanReadableCopyright = "";
				LD_RUNPATH_SEARCH_PATHS = (
					"$(inherited)",
					"@executable_path/../Frameworks",
					"$(SRCROOT)",
				);
				MARKETING_VERSION = 1.0;
				PRODUCT_BUNDLE_IDENTIFIER = com.kepler471.SpotifySearcher;
				PRODUCT_NAME = "$(TARGET_NAME)";
				PROVISIONING_PROFILE_SPECIFIER = "";
				SWIFT_EMIT_LOC_STRINGS = YES;
				SWIFT_VERSION = 5.0;
			};
			name = Release;
		};
		659B44422B518ED200B74938 /* Debug */ = {
			isa = XCBuildConfiguration;
			buildSettings = {
				ALWAYS_EMBED_SWIFT_STANDARD_LIBRARIES = YES;
				BUNDLE_LOADER = "$(TEST_HOST)";
				CODE_SIGN_STYLE = Automatic;
				CURRENT_PROJECT_VERSION = 1;
				GENERATE_INFOPLIST_FILE = YES;
				MACOSX_DEPLOYMENT_TARGET = 14.1;
				MARKETING_VERSION = 1.0;
				PRODUCT_BUNDLE_IDENTIFIER = com.kepler471.SpotifySearcherTests;
				PRODUCT_NAME = "$(TARGET_NAME)";
				SWIFT_EMIT_LOC_STRINGS = NO;
				SWIFT_VERSION = 5.0;
				TEST_HOST = "$(BUILT_PRODUCTS_DIR)/SpotifySearcher.app/$(BUNDLE_EXECUTABLE_FOLDER_PATH)/SpotifySearcher";
			};
			name = Debug;
		};
		659B44432B518ED200B74938 /* Release */ = {
			isa = XCBuildConfiguration;
			buildSettings = {
				ALWAYS_EMBED_SWIFT_STANDARD_LIBRARIES = YES;
				BUNDLE_LOADER = "$(TEST_HOST)";
				CODE_SIGN_STYLE = Automatic;
				CURRENT_PROJECT_VERSION = 1;
				GENERATE_INFOPLIST_FILE = YES;
				MACOSX_DEPLOYMENT_TARGET = 14.1;
				MARKETING_VERSION = 1.0;
				PRODUCT_BUNDLE_IDENTIFIER = com.kepler471.SpotifySearcherTests;
				PRODUCT_NAME = "$(TARGET_NAME)";
				SWIFT_EMIT_LOC_STRINGS = NO;
				SWIFT_VERSION = 5.0;
				TEST_HOST = "$(BUILT_PRODUCTS_DIR)/SpotifySearcher.app/$(BUNDLE_EXECUTABLE_FOLDER_PATH)/SpotifySearcher";
			};
			name = Release;
		};
		659B44452B518ED200B74938 /* Debug */ = {
			isa = XCBuildConfiguration;
			buildSettings = {
				ALWAYS_EMBED_SWIFT_STANDARD_LIBRARIES = YES;
				CODE_SIGN_STYLE = Automatic;
				CURRENT_PROJECT_VERSION = 1;
				GENERATE_INFOPLIST_FILE = YES;
				MARKETING_VERSION = 1.0;
				PRODUCT_BUNDLE_IDENTIFIER = com.kepler471.SpotifySearcherUITests;
				PRODUCT_NAME = "$(TARGET_NAME)";
				SWIFT_EMIT_LOC_STRINGS = NO;
				SWIFT_VERSION = 5.0;
				TEST_TARGET_NAME = SpotifySearcher;
			};
			name = Debug;
		};
		659B44462B518ED200B74938 /* Release */ = {
			isa = XCBuildConfiguration;
			buildSettings = {
				ALWAYS_EMBED_SWIFT_STANDARD_LIBRARIES = YES;
				CODE_SIGN_STYLE = Automatic;
				CURRENT_PROJECT_VERSION = 1;
				GENERATE_INFOPLIST_FILE = YES;
				MARKETING_VERSION = 1.0;
				PRODUCT_BUNDLE_IDENTIFIER = com.kepler471.SpotifySearcherUITests;
				PRODUCT_NAME = "$(TARGET_NAME)";
				SWIFT_EMIT_LOC_STRINGS = NO;
				SWIFT_VERSION = 5.0;
				TEST_TARGET_NAME = SpotifySearcher;
			};
			name = Release;
		};
/* End XCBuildConfiguration section */

/* Begin XCConfigurationList section */
		659B44142B518ED000B74938 /* Build configuration list for PBXProject "SpotifySearcher" */ = {
			isa = XCConfigurationList;
			buildConfigurations = (
				659B443C2B518ED200B74938 /* Debug */,
				659B443D2B518ED200B74938 /* Release */,
			);
			defaultConfigurationIsVisible = 0;
			defaultConfigurationName = Release;
		};
		659B443E2B518ED200B74938 /* Build configuration list for PBXNativeTarget "SpotifySearcher" */ = {
			isa = XCConfigurationList;
			buildConfigurations = (
				659B443F2B518ED200B74938 /* Debug */,
				659B44402B518ED200B74938 /* Release */,
			);
			defaultConfigurationIsVisible = 0;
			defaultConfigurationName = Release;
		};
		659B44412B518ED200B74938 /* Build configuration list for PBXNativeTarget "SpotifySearcherTests" */ = {
			isa = XCConfigurationList;
			buildConfigurations = (
				659B44422B518ED200B74938 /* Debug */,
				659B44432B518ED200B74938 /* Release */,
			);
			defaultConfigurationIsVisible = 0;
			defaultConfigurationName = Release;
		};
		659B44442B518ED200B74938 /* Build configuration list for PBXNativeTarget "SpotifySearcherUITests" */ = {
			isa = XCConfigurationList;
			buildConfigurations = (
				659B44452B518ED200B74938 /* Debug */,
				659B44462B518ED200B74938 /* Release */,
			);
			defaultConfigurationIsVisible = 0;
			defaultConfigurationName = Release;
		};
/* End XCConfigurationList section */

/* Begin XCRemoteSwiftPackageReference section */
		651C3D0B2B583D8800A9BC25 /* XCRemoteSwiftPackageReference "SpotifyAPI" */ = {
			isa = XCRemoteSwiftPackageReference;
			repositoryURL = "https://github.com/Peter-Schorn/SpotifyAPI.git";
			requirement = {
				kind = upToNextMajorVersion;
				minimumVersion = 2.2.4;
			};
		};
		651C3D0C2B584D7800A9BC25 /* XCRemoteSwiftPackageReference "SpotifyAPIServer" */ = {
			isa = XCRemoteSwiftPackageReference;
			repositoryURL = "https://github.com/Peter-Schorn/SpotifyAPIServer.git";
			requirement = {
				branch = main;
				kind = branch;
			};
		};
		65409EA12B69E79200C880EF /* XCRemoteSwiftPackageReference "HotKey" */ = {
			isa = XCRemoteSwiftPackageReference;
			repositoryURL = "https://github.com/soffes/HotKey";
			requirement = {
				branch = main;
				kind = branch;
			};
		};
		6568C3F12B6F24D400ABD1DA /* XCRemoteSwiftPackageReference "MenuBarExtraAccess" */ = {
			isa = XCRemoteSwiftPackageReference;
			repositoryURL = "https://github.com/orchetect/MenuBarExtraAccess";
			requirement = {
				kind = upToNextMajorVersion;
				minimumVersion = 1.0.5;
			};
		};
/* End XCRemoteSwiftPackageReference section */

/* Begin XCSwiftPackageProductDependency section */
		65409EA22B69E79200C880EF /* HotKey */ = {
			isa = XCSwiftPackageProductDependency;
			package = 65409EA12B69E79200C880EF /* XCRemoteSwiftPackageReference "HotKey" */;
			productName = HotKey;
		};
		6568C3F22B6F24D400ABD1DA /* MenuBarExtraAccess */ = {
			isa = XCSwiftPackageProductDependency;
			package = 6568C3F12B6F24D400ABD1DA /* XCRemoteSwiftPackageReference "MenuBarExtraAccess" */;
			productName = MenuBarExtraAccess;
		};
/* End XCSwiftPackageProductDependency section */
	};
	rootObject = 659B44112B518ED000B74938 /* Project object */;
}
